
Microsoft Visual Studio Solution File, Format Version 12.00
# Visual Studio 2013
VisualStudioVersion = 12.0.21005.1
MinimumVisualStudioVersion = 10.0.40219.1
Project("{FAE04EC0-301F-11D3-BF4B-00C04F79EFBC}") = "COR", "COR\COR.csproj", "{3CFAD5D6-43A6-44FF-8FCF-F1AEDCBE372C}"
EndProject
Project("{FAE04EC0-301F-11D3-BF4B-00C04F79EFBC}") = "Command", "Command\Command.csproj", "{94E7EAF1-4E65-4222-86EA-C0098CD0F1D9}"
EndProject
Project("{2150E333-8FDC-42A3-9474-1A3956D46DE8}") = "01", "01", "{7D363CB2-7C01-4E7C-A867-CC8F2E99A77E}"
EndProject
Project("{2150E333-8FDC-42A3-9474-1A3956D46DE8}") = "02", "02", "{5C951EC0-A1CE-4A59-88B6-96415A6D1488}"
EndProject
Project("{2150E333-8FDC-42A3-9474-1A3956D46DE8}") = ".nuget", ".nuget", "{FFEF64F4-CD4F-48B6-B352-2C35DB743A5B}"
	ProjectSection(SolutionItems) = preProject
		.nuget\NuGet.Config = .nuget\NuGet.Config
		.nuget\NuGet.exe = .nuget\NuGet.exe
		.nuget\NuGet.targets = .nuget\NuGet.targets
	EndProjectSection
EndProject
Global
	GlobalSection(SolutionConfigurationPlatforms) = preSolution
		Debug|Any CPU = Debug|Any CPU
		Release|Any CPU = Release|Any CPU
	EndGlobalSection
	GlobalSection(ProjectConfigurationPlatforms) = postSolution
		{3CFAD5D6-43A6-44FF-8FCF-F1AEDCBE372C}.Debug|Any CPU.ActiveCfg = Debug|Any CPU
		{3CFAD5D6-43A6-44FF-8FCF-F1AEDCBE372C}.Debug|Any CPU.Build.0 = Debug|Any CPU
		{3CFAD5D6-43A6-44FF-8FCF-F1AEDCBE372C}.Release|Any CPU.ActiveCfg = Release|Any CPU
		{3CFAD5D6-43A6-44FF-8FCF-F1AEDCBE372C}.Release|Any CPU.Build.0 = Release|Any CPU
		{94E7EAF1-4E65-4222-86EA-C0098CD0F1D9}.Debug|Any CPU.ActiveCfg = Debug|Any CPU
		{94E7EAF1-4E65-4222-86EA-C0098CD0F1D9}.Debug|Any CPU.Build.0 = Debug|Any CPU
		{94E7EAF1-4E65-4222-86EA-C0098CD0F1D9}.Release|Any CPU.ActiveCfg = Release|Any CPU
		{94E7EAF1-4E65-4222-86EA-C0098CD0F1D9}.Release|Any CPU.Build.0 = Release|Any CPU
	EndGlobalSection
	GlobalSection(SolutionProperties) = preSolution
		HideSolutionNode = FALSE
	EndGlobalSection
	GlobalSection(NestedProjects) = preSolution
		{3CFAD5D6-43A6-44FF-8FCF-F1AEDCBE372C} = {7D363CB2-7C01-4E7C-A867-CC8F2E99A77E}
		{94E7EAF1-4E65-4222-86EA-C0098CD0F1D9} = {5C951EC0-A1CE-4A59-88B6-96415A6D1488}
	EndGlobalSection
EndGlobal
